
Microsoft Visual Studio Solution File, Format Version 12.00
# Visual Studio Version 16
VisualStudioVersion = 16.0.29009.5
MinimumVisualStudioVersion = 10.0.40219.1
Project("{FAE04EC0-301F-11D3-BF4B-00C04F79EFBC}") = "MatrixRainApp", "MatrixRainApp\MatrixRainApp.csproj", "{870A0B38-63D9-4031-9E61-34CE8857F5E4}"
EndProject
Project("{FAE04EC0-301F-11D3-BF4B-00C04F79EFBC}") = "MatrixRain", "MatrixRain\MatrixRain.csproj", "{0795B9FA-C8E0-4EFE-BF71-4253C3C945A4}"
EndProject
Global
	GlobalSection(SolutionConfigurationPlatforms) = preSolution
		Debug|Any CPU = Debug|Any CPU
		Release|Any CPU = Release|Any CPU
	EndGlobalSection
	GlobalSection(ProjectConfigurationPlatforms) = postSolution
		{870A0B38-63D9-4031-9E61-34CE8857F5E4}.Debug|Any CPU.ActiveCfg = Debug|Any CPU
		{870A0B38-63D9-4031-9E61-34CE8857F5E4}.Debug|Any CPU.Build.0 = Debug|Any CPU
		{870A0B38-63D9-4031-9E61-34CE8857F5E4}.Release|Any CPU.ActiveCfg = Release|Any CPU
		{870A0B38-63D9-4031-9E61-34CE8857F5E4}.Release|Any CPU.Build.0 = Release|Any CPU
		{0795B9FA-C8E0-4EFE-BF71-4253C3C945A4}.Debug|Any CPU.ActiveCfg = Debug|Any CPU
		{0795B9FA-C8E0-4EFE-BF71-4253C3C945A4}.Debug|Any CPU.Build.0 = Debug|Any CPU
		{0795B9FA-C8E0-4EFE-BF71-4253C3C945A4}.Release|Any CPU.ActiveCfg = Release|Any CPU
		{0795B9FA-C8E0-4EFE-BF71-4253C3C945A4}.Release|Any CPU.Build.0 = Release|Any CPU
	EndGlobalSection
	GlobalSection(SolutionProperties) = preSolution
		HideSolutionNode = FALSE
	EndGlobalSection
	GlobalSection(ExtensibilityGlobals) = postSolution
		SolutionGuid = {861FD085-81B5-4383-B89A-76B80B6B756C}
	EndGlobalSection
EndGlobal
